
Microsoft Visual Studio Solution File, Format Version 12.00
# Visual Studio Version 17
VisualStudioVersion = 17.7.34003.232
MinimumVisualStudioVersion = 10.0.40219.1
Project("{FAE04EC0-301F-11D3-BF4B-00C04F79EFBC}") = "GUIs", "GUIs\GUIs.csproj", "{5A0357D8-6F07-4DFF-B5CB-04B8B82A0FD6}"
EndProject
Global
	GlobalSection(SolutionConfigurationPlatforms) = preSolution
		Debug|Any CPU = Debug|Any CPU
		Release|Any CPU = Release|Any CPU
	EndGlobalSection
	GlobalSection(ProjectConfigurationPlatforms) = postSolution
		{5A0357D8-6F07-4DFF-B5CB-04B8B82A0FD6}.Debug|Any CPU.ActiveCfg = Debug|Any CPU
		{5A0357D8-6F07-4DFF-B5CB-04B8B82A0FD6}.Debug|Any CPU.Build.0 = Debug|Any CPU
		{5A0357D8-6F07-4DFF-B5CB-04B8B82A0FD6}.Release|Any CPU.ActiveCfg = Release|Any CPU
		{5A0357D8-6F07-4DFF-B5CB-04B8B82A0FD6}.Release|Any CPU.Build.0 = Release|Any CPU
	EndGlobalSection
	GlobalSection(SolutionProperties) = preSolution
		HideSolutionNode = FALSE
	EndGlobalSection
	GlobalSection(ExtensibilityGlobals) = postSolution
		SolutionGuid = {72649CE7-5935-4E5D-835D-17446F140123}
	EndGlobalSection
EndGlobal
